{
  "version": 4,
  "terraform_version": "0.13.4",
  "serial": 118,
  "lineage": "307b5878-fec9-f86a-468c-ab7bb9e9bd28",
  "outputs": {},
  "resources": [
    {
      "mode": "managed",
      "type": "google_compute_firewall",
      "name": "default",
      "provider": "provider[\"registry.terraform.io/hashicorp/google\"]",
      "instances": [
        {
          "schema_version": 1,
          "attributes": {
            "allow": [
              {
                "ports": [
                  "5000",
                  "5432"
                ],
                "protocol": "tcp"
              }
            ],
            "creation_timestamp": "2020-10-17T12:02:29.602-07:00",
            "deny": [],
            "description": "",
            "destination_ranges": [],
            "direction": "INGRESS",
            "disabled": false,
            "enable_logging": false,
            "id": "projects/fleet-range-260403/global/firewalls/docker-firewall",
            "name": "docker-firewall",
            "network": "https://www.googleapis.com/compute/v1/projects/fleet-range-260403/global/networks/default",
            "priority": 1000,
            "project": "fleet-range-260403",
            "self_link": "https://www.googleapis.com/compute/v1/projects/fleet-range-260403/global/firewalls/docker-firewall",
            "source_ranges": [
              "0.0.0.0/0"
            ],
            "source_service_accounts": null,
            "source_tags": [
              "docker-web"
            ],
            "target_service_accounts": null,
            "target_tags": null,
            "timeouts": null
          },
          "private": "eyJlMmJmYjczMC1lY2FhLTExZTYtOGY4OC0zNDM2M2JjN2M0YzAiOnsiY3JlYXRlIjoyNDAwMDAwMDAwMDAsImRlbGV0ZSI6MjQwMDAwMDAwMDAwLCJ1cGRhdGUiOjI0MDAwMDAwMDAwMH0sInNjaGVtYV92ZXJzaW9uIjoiMSJ9"
        }
      ]
    },
    {
      "mode": "managed",
      "type": "google_compute_instance",
      "name": "vm_instance",
      "provider": "provider[\"registry.terraform.io/hashicorp/google\"]",
      "instances": [
        {
          "status": "tainted",
          "schema_version": 6,
          "attributes": {
            "allow_stopping_for_update": null,
            "attached_disk": [],
            "boot_disk": [
              {
                "auto_delete": true,
                "device_name": "persistent-disk-0",
                "disk_encryption_key_raw": "",
                "disk_encryption_key_sha256": "",
                "initialize_params": [
                  {
                    "image": "https://www.googleapis.com/compute/v1/projects/debian-cloud/global/images/debian-9-stretch-v20201014",
                    "labels": {},
                    "size": 10,
                    "type": "pd-standard"
                  }
                ],
                "kms_key_self_link": "",
                "mode": "READ_WRITE",
                "source": "https://www.googleapis.com/compute/v1/projects/fleet-range-260403/zones/us-central1-c/disks/terraform-instance"
              }
            ],
            "can_ip_forward": false,
            "cpu_platform": "Intel Haswell",
            "deletion_protection": false,
            "description": "",
            "enable_display": false,
            "guest_accelerator": [],
            "hostname": "",
            "id": "projects/fleet-range-260403/zones/us-central1-c/instances/terraform-instance",
            "instance_id": "6284226751868862760",
            "label_fingerprint": "42WmSpB8rSM=",
            "labels": null,
            "machine_type": "f1-micro",
            "metadata": {
              "ssh-keys": "marcos:ssh-rsa AAAAB3NzaC1yc2EAAAADAQABAAABAQCcFLWmhyQxsrUFmDmz9M5J1KRHowVMpQ+6M9iIFXpr2hnJTzC3SiH5ckecm4O83+Z1KtYaudizzyf4L815QdjTiF4pTPraUBUxD3brQe/jwyk4rQ44k8ocS3844wnyiH433rlz1PglR1zKD2oVuKj8d8MwifKqpj6jtfEMxDMtI87SJfzjuIP5OW8l3amBEaUpSKqfzU6fz4oQ4lSIVILQ7WziYpy/GhpqJH4+ucx25l13p0JHzRvuwZ8YRqBajp7FH/mOJm81/Ao0Sj6u1PbwoWrsmZKwcppMkwGBs3riK9PbMv3STxJXTbHKxuV+bOTW73UBUtgaxaz4TiyEeM+X marcos\n"
            },
            "metadata_fingerprint": "pwkLoYVYWi4=",
            "metadata_startup_script": "",
            "min_cpu_platform": "",
            "name": "terraform-instance",
            "network_interface": [
              {
                "access_config": [
                  {
                    "nat_ip": "35.224.170.214",
                    "network_tier": "PREMIUM",
                    "public_ptr_domain_name": ""
                  }
                ],
                "alias_ip_range": [],
                "name": "nic0",
                "network": "https://www.googleapis.com/compute/v1/projects/fleet-range-260403/global/networks/default",
                "network_ip": "10.128.15.208",
                "subnetwork": "https://www.googleapis.com/compute/v1/projects/fleet-range-260403/regions/us-central1/subnetworks/default",
                "subnetwork_project": "fleet-range-260403"
              }
            ],
            "project": "fleet-range-260403",
            "scheduling": [
              {
                "automatic_restart": true,
                "node_affinities": [],
                "on_host_maintenance": "MIGRATE",
                "preemptible": false
              }
            ],
            "scratch_disk": [],
            "self_link": "https://www.googleapis.com/compute/v1/projects/fleet-range-260403/zones/us-central1-c/instances/terraform-instance",
            "service_account": [],
            "shielded_instance_config": [],
            "tags": [
              "docker-web"
            ],
            "tags_fingerprint": "UWLanjaeQUg=",
            "timeouts": null,
            "zone": "us-central1-c"
          },
          "private": "eyJlMmJmYjczMC1lY2FhLTExZTYtOGY4OC0zNDM2M2JjN2M0YzAiOnsiY3JlYXRlIjoxMjAwMDAwMDAwMDAwLCJkZWxldGUiOjEyMDAwMDAwMDAwMDAsInVwZGF0ZSI6MTIwMDAwMDAwMDAwMH0sInNjaGVtYV92ZXJzaW9uIjoiNiJ9"
        }
      ]
    }
  ]
}
